[[package]]
category = "dev"
description = "actdiag generates activity-diagram image from text"
name = "actdiag"
optional = false
platform = "UNKNOWN"
python-versions = "*"
version = "0.5.4"

[package.dependencies]
blockdiag = ">=1.5.0"
setuptools = "*"

[[package]]
category = "dev"
description = "A abstract syntax tree for Python with inference support."
name = "astroid"
optional = false
platform = "*"
python-versions = ">=2.7, !=3.0.*, !=3.1.*, !=3.2.*, !=3.3.*"
version = "1.6.5"

[package.dependencies]
lazy-object-proxy = "*"
six = "*"
wrapt = "*"

[[package]]
category = "dev"
description = "Atomic file writes."
name = "atomicwrites"
optional = false
platform = "UNKNOWN"
python-versions = "*"
version = "1.1.5"

[[package]]
category = "dev"
description = "Classes Without Boilerplate"
name = "attrs"
optional = false
platform = "*"
python-versions = "*"
version = "18.1.0"

[[package]]
category = "dev"
description = "A backport of the get_terminal_size function from Python 3.3's shutil."
name = "backports.shutil-get-terminal-size"
optional = false
platform = "UNKNOWN"
python-versions = "*"
version = "1.0.0"

[[package]]
category = "dev"
description = "blockdiag generates block-diagram image from text"
name = "blockdiag"
optional = false
platform = "UNKNOWN"
python-versions = "*"
version = "1.5.3"

[package.dependencies]
Pillow = "*"
funcparserlib = "*"
setuptools = "*"
webcolors = "*"

[[package]]
category = "dev"
description = "Python package for providing Mozilla's CA Bundle."
name = "certifi"
optional = false
platform = "*"
python-versions = "*"
version = "2018.4.16"

[[package]]
category = "dev"
description = "Universal encoding detector for Python 2 and 3"
name = "chardet"
optional = false
platform = "*"
python-versions = "*"
version = "3.0.4"

[[package]]
category = "dev"
description = "A simple wrapper around optparse for powerful command line utilities."
name = "click"
optional = false
platform = "*"
python-versions = "*"
version = "6.7"

[[package]]
category = "dev"
description = "Hosted coverage reports for Github, Bitbucket and Gitlab"
name = "codecov"
optional = false
platform = "*"
python-versions = "*"
version = "2.0.15"

[package.dependencies]
coverage = "*"
requests = ">=2.7.9"

[[package]]
category = "dev"
description = "Cross-platform colored terminal text."
name = "colorama"
optional = false
platform = "UNKNOWN"
python-versions = "*"
version = "0.3.9"

[[package]]
category = "dev"
description = "Code coverage measurement for Python"
name = "coverage"
optional = false
platform = "*"
python-versions = ">=2.6, !=3.0.*, !=3.1.*, !=3.2.*, <4"
version = "4.5.1"

[[package]]
category = "dev"
description = "A small Python package to hide or show the terminal cursor"
name = "cursor"
optional = false
platform = "*"
python-versions = "*"
version = "1.2.0"

[[package]]
category = "dev"
description = "Python 3.4 Enum backported to 3.3, 3.2, 3.1, 2.7, 2.6, 2.5, and 2.4"
name = "enum34"
optional = false
platform = "UNKNOWN"
python-versions = "*"
version = "1.1.6"

[[package]]
category = "dev"
description = "Modular, Markdown-based documentation generator that makes pdf, docx, html, and more."
name = "foliant"
optional = false
platform = "*"
python-versions = ">=3.6,<4.0"
version = "1.0.5"

[package.dependencies]
cliar = ">=1.2.2,<2.0.0"
halo = ">=0.0.10,<0.0.11"
prompt_toolkit = ">=2.0,<3.0"
pyyaml = ">=3.12,<4.0"

[[package]]
category = "dev"
description = "Blockdiag preprocessor for Foliant doc maker. Supports blockdiag, seqdiag, actdiag, and nwdiag."
name = "foliantcontrib.blockdiag"
optional = false
platform = "any"
python-versions = "*"
version = "1.0.2"

[package.dependencies]
actdiag = "*"
blockdiag = "*"
foliant = ">=1.0.4"
nwdiag = "*"
seqdiag = "*"

[[package]]
category = "dev"
description = "Powerful includes for Foliant doc maker."
name = "foliantcontrib.includes"
optional = false
platform = "any"
python-versions = "*"
version = "1.0.7"

[package.dependencies]
foliant = ">=1.0.4"

[[package]]
category = "dev"
description = "MkDocs backend for Foliant documentation generator."
name = "foliantcontrib.mkdocs"
optional = false
platform = "any"
python-versions = "*"
version = "1.0.3"

[package.dependencies]
foliant = ">=1.0.4"
mkdocs = "*"

[[package]]
category = "dev"
description = "Recursive descent parsing library based on functional combinators"
name = "funcparserlib"
optional = false
platform = "UNKNOWN"
python-versions = "*"
version = "0.3.6"

[[package]]
category = "dev"
description = "Beautiful terminal spinners in Python"
name = "halo"
optional = false
platform = "*"
python-versions = "*"
version = "0.0.10"

[package.dependencies]
"backports.shutil_get_terminal_size" = "1.0.0"
colorama = "0.3.9"
cursor = "1.2.0"
log_symbols = "0.0.11"
six = "1.11.0"
spinners = "0.0.19"
termcolor = "1.1.0"

[[package]]
category = "dev"
description = "Internationalized Domain Names in Applications (IDNA)"
name = "idna"
optional = false
platform = "*"
python-versions = "*"
version = "2.6"

[[package]]
category = "dev"
description = "A Python utility / library to sort Python imports."
name = "isort"
optional = false
platform = "*"
python-versions = ">=2.7, !=3.0.*, !=3.1.*, !=3.2.*, !=3.3.*"
version = "4.3.4"

[[package]]
category = "dev"
description = "A small but fast and easy to use stand-alone template engine written in pure python."
name = "jinja2"
optional = false
platform = "*"
python-versions = "*"
version = "2.10"

[package.dependencies]
MarkupSafe = ">=0.23"

[[package]]
category = "dev"
description = "A fast and thorough lazy object proxy."
name = "lazy-object-proxy"
optional = false
platform = "*"
python-versions = "*"
version = "1.3.1"

[[package]]
category = "dev"
description = "Python LiveReload is an awesome tool for web developers"
name = "livereload"
optional = false
platform = "*"
python-versions = "*"
version = "2.5.2"

[package.dependencies]
six = "*"
tornado = "*"

[[package]]
category = "dev"
description = "Colored symbols for various log levels for Python"
name = "log-symbols"
optional = false
platform = "*"
python-versions = "*"
version = "0.0.11"

[package.dependencies]
colorama = "0.3.9"
enum34 = "1.1.6"

[[package]]
category = "dev"
description = "Python implementation of Markdown."
name = "markdown"
optional = false
platform = "*"
python-versions = "*"
version = "2.6.11"

[[package]]
category = "dev"
description = "Implements a XML/HTML/XHTML Markup safe string for Python"
name = "markupsafe"
optional = false
platform = "UNKNOWN"
python-versions = "*"
version = "1.0"

[[package]]
category = "dev"
description = "McCabe checker, plugin for flake8"
name = "mccabe"
optional = false
platform = "*"
python-versions = "*"
version = "0.6.1"

[[package]]
category = "dev"
description = "Project documentation with Markdown."
name = "mkdocs"
optional = false
platform = "*"
python-versions = "*"
version = "0.17.3"

[package.dependencies]
Jinja2 = ">=2.7.1"
Markdown = ">=2.3.1"
PyYAML = ">=3.10"
click = ">=3.3"
livereload = ">=2.5.1"
tornado = ">=4.1,<5.0"

[[package]]
category = "dev"
description = "A Material Design theme for MkDocs"
name = "mkdocs-material"
optional = false
platform = "*"
python-versions = "*"
version = "2.7.3"

[package.dependencies]
Pygments = ">=2.2"
mkdocs = ">=0.17.1"
pymdown-extensions = ">=4.10"
tornado = "<5"

[[package]]
category = "dev"
description = "More routines for operating on iterables, beyond itertools"
name = "more-itertools"
optional = false
platform = "*"
python-versions = "*"
version = "4.2.0"

[package.dependencies]
six = ">=1.0.0,<2.0.0"

[[package]]
category = "dev"
description = "nwdiag generates network-diagram image from text"
name = "nwdiag"
optional = false
platform = "UNKNOWN"
python-versions = "*"
version = "1.0.4"

[package.dependencies]
blockdiag = ">=1.5.0"
setuptools = "*"

[[package]]
category = "dev"
description = "Python Imaging Library (Fork)"
name = "pillow"
optional = false
platform = "*"
python-versions = ">=2.7, !=3.0.*, !=3.1.*, !=3.2.*, !=3.3.*"
version = "5.1.0"

[[package]]
category = "dev"
description = "plugin and hook calling mechanisms for python"
name = "pluggy"
optional = false
platform = "unix"
python-versions = ">=2.7, !=3.0.*, !=3.1.*, !=3.2.*, !=3.3.*"
version = "0.6.0"

[[package]]
category = "dev"
description = "Library for building powerful interactive command lines in Python"
name = "prompt-toolkit"
optional = false
platform = "*"
python-versions = "*"
version = "2.0.2"

[package.dependencies]
six = ">=1.9.0"
wcwidth = "*"

[[package]]
category = "dev"
description = "library with cross-python path, ini-parsing, io, code, log facilities"
name = "py"
optional = false
platform = "unix"
python-versions = ">=2.7, !=3.0.*, !=3.1.*, !=3.2.*, !=3.3.*"
version = "1.5.3"

[[package]]
category = "dev"
description = "Pygments is a syntax highlighting package written in Python."
name = "pygments"
optional = false
platform = "any"
python-versions = "*"
version = "2.2.0"

[[package]]
category = "dev"
description = "python code static checker"
name = "pylint"
optional = false
platform = "*"
python-versions = ">=2.7, !=3.0.*, !=3.1.*, !=3.2.*, !=3.3.*"
version = "1.9.2"

[package.dependencies]
astroid = ">=1.6,<2.0"
isort = ">=4.2.5"
mccabe = "*"
six = "*"

[package.dependencies.colorama]
platform = "win32"
version = "*"

[[package]]
category = "dev"
description = "Extension pack for Python Markdown."
name = "pymdown-extensions"
optional = false
platform = "*"
python-versions = "*"
version = "4.10.2"

[package.dependencies]
Markdown = ">=2.6.10"

[[package]]
category = "dev"
description = "pytest: simple powerful testing with Python"
name = "pytest"
optional = false
platform = "unix"
python-versions = ">=2.7, !=3.0.*, !=3.1.*, !=3.2.*, !=3.3.*"
version = "3.6.1"

[package.dependencies]
atomicwrites = ">=1.0"
attrs = ">=17.4.0"
more-itertools = ">=4.0.0"
pluggy = ">=0.5,<0.7"
py = ">=1.5.0"
setuptools = "*"
six = ">=1.10.0"

[package.dependencies.colorama]
platform = "win32"
version = "*"

[[package]]
category = "dev"
description = "Pytest plugin for measuring coverage."
name = "pytest-cov"
optional = false
platform = "*"
python-versions = "*"
version = "2.5.1"

[package.dependencies]
coverage = ">=3.7.1"
pytest = ">=2.6.0"

[[package]]
category = "dev"
description = "pytest plugin for test data directories and files"
name = "pytest-datadir"
optional = false
platform = "*"
python-versions = "*"
version = "1.0.1"

[package.dependencies]
pytest = ">=2.7.0"

[[package]]
category = "dev"
description = "YAML parser and emitter for Python"
name = "pyyaml"
optional = false
platform = "Any"
python-versions = "*"
version = "3.12"

[[package]]
category = "dev"
description = "Python HTTP for Humans."
name = "requests"
optional = false
platform = "*"
python-versions = "*"
version = "2.18.4"

[package.dependencies]
certifi = ">=2017.4.17"
chardet = ">=3.0.2,<3.1.0"
idna = ">=2.5,<2.7"
urllib3 = ">=1.21.1,<1.23"

[[package]]
category = "dev"
description = "a python refactoring library..."
name = "rope"
optional = false
platform = "*"
python-versions = "*"
version = "0.10.7"

[[package]]
category = "dev"
description = "seqdiag generates sequence-diagram image from text"
name = "seqdiag"
optional = false
platform = "UNKNOWN"
python-versions = "*"
version = "0.9.5"

[package.dependencies]
blockdiag = ">=1.5.0"
setuptools = "*"

[[package]]
category = "dev"
description = "Python 2 and 3 compatibility utilities"
name = "six"
optional = false
platform = "*"
python-versions = "*"
version = "1.11.0"

[[package]]
category = "dev"
description = "Spinners for terminals"
name = "spinners"
optional = false
platform = "*"
python-versions = "*"
version = "0.0.19"

[package.dependencies]
enum34 = "1.1.6"

[[package]]
category = "dev"
description = "ANSII Color formatting for output in terminal."
name = "termcolor"
optional = false
platform = "UNKNOWN"
python-versions = "*"
version = "1.1.0"

[[package]]
category = "dev"
description = "Tornado is a Python web framework and asynchronous networking library, originally developed at FriendFeed."
name = "tornado"
optional = false
platform = "*"
python-versions = "*"
version = "4.5.3"

[[package]]
category = "dev"
description = "HTTP library with thread-safe connection pooling, file post, and more."
name = "urllib3"
optional = false
platform = "*"
python-versions = "*"
version = "1.22"

[[package]]
category = "dev"
description = "Measures number of Terminal column cells of wide-character codes"
name = "wcwidth"
optional = false
platform = "UNKNOWN"
python-versions = "*"
version = "0.1.7"

[[package]]
category = "dev"
description = "A library for working with color names and color values formats defined by HTML and CSS."
name = "webcolors"
optional = false
platform = "*"
python-versions = "*"
version = "1.8.1"

[[package]]
category = "dev"
description = "Module for decorators, wrappers and monkey patching."
name = "wrapt"
optional = false
platform = "*"
python-versions = "*"
version = "1.10.11"

[metadata]
content-hash = "6610763ccad21f08aec662c0f87d8d163bc129fb646f7993caaf85925cd7dea1"
platform = "*"
python-versions = "^3.6"

[metadata.hashes]
actdiag = ["983071777d9941093aaef3be1f67c198a8ac8d2bba264cdd1f337ca415ab46af", "ccfd02b8a4b5237b318c3eff4fc36d6748f1d1cc897c68ce1075a29de617fa54"]
astroid = ["0ef2bf9f07c3150929b25e8e61b5198c27b0dca195e156f0e4d5bdd89185ca1a", "fc9b582dba0366e63540982c3944a9230cbc6f303641c51483fa547dcc22393a"]
atomicwrites = ["240831ea22da9ab882b551b31d4225591e5e447a68c5e188db5b89ca1d487585", "a24da68318b08ac9c9c45029f4a10371ab5b20e4226738e150e6e7c571630ae6"]
attrs = ["4b90b09eeeb9b88c35bc642cbac057e45a5fd85367b985bd2809c62b7b939265", "e0d0eb91441a3b53dab4d9b743eafc1ac44476296a2053b6ca3af0b139faf87b"]
"backports.shutil-get-terminal-size" = ["0975ba55054c15e346944b38956a4c9cbee9009391e41b86c68990effb8c1f64", "713e7a8228ae80341c70586d1cc0a8caa5207346927e23d09dcbcaf18eadec80"]
blockdiag = ["253657d90c00cef1adaca8385c7074fe1c05cae2786dd4e1c4b333762fbf6185", "5ea3501fca0ca40fbacccc6f4ca177750e4b610009e021faa4868c0f6480ae8b"]
certifi = ["13e698f54293db9f89122b0581843a782ad0934a4fe0172d2a980ba77fc61bb7", "9fa520c1bacfb634fa7af20a76bcbd3d5fb390481724c597da32c719a7dca4b0"]
chardet = ["84ab92ed1c4d4f16916e05906b6b75a6c0fb5db821cc65e70cbd64a3e2a5eaae", "fc323ffcaeaed0e0a02bf4d117757b98aed530d9ed4531e3e15460124c106691"]
click = ["29f99fc6125fbc931b758dc053b3114e55c77a6e4c6c3a2674a2dc986016381d", "f15516df478d5a56180fbf80e68f206010e6d160fc39fa508b65e035fd75130b"]
codecov = ["8ed8b7c6791010d359baed66f84f061bba5bd41174bf324c31311e8737602788", "ae00d68e18d8a20e9c3288ba3875ae03db3a8e892115bf9b83ef20507732bed4"]
colorama = ["463f8483208e921368c9f306094eb6f725c6ca42b0f97e313cb5d5512459feda", "48eb22f4f8461b1df5734a074b57042430fb06e1d61bd1e11b078c0fe6d7a1f1"]
coverage = ["03481e81d558d30d230bc12999e3edffe392d244349a90f4ef9b88425fac74ba", "0b136648de27201056c1869a6c0d4e23f464750fd9a9ba9750b8336a244429ed", "104ab3934abaf5be871a583541e8829d6c19ce7bde2923b2751e0d3ca44db60a", "15b111b6a0f46ee1a485414a52a7ad1d703bdf984e9ed3c288a4414d3871dcbd", "198626739a79b09fa0a2f06e083ffd12eb55449b5f8bfdbeed1df4910b2ca640", "1c383d2ef13ade2acc636556fd544dba6e14fa30755f26812f54300e401f98f2", "28b2191e7283f4f3568962e373b47ef7f0392993bb6660d079c62bd50fe9d162", "2eb564bbf7816a9d68dd3369a510be3327f1c618d2357fa6b1216994c2e3d508", "337ded681dd2ef9ca04ef5d93cfc87e52e09db2594c296b4a0a3662cb1b41249", "3a2184c6d797a125dca8367878d3b9a178b6fdd05fdc2d35d758c3006a1cd694", "3c79a6f7b95751cdebcd9037e4d06f8d5a9b60e4ed0cd231342aa8ad7124882a", "3d72c20bd105022d29b14a7d628462ebdc61de2f303322c0212a054352f3b287", "3eb42bf89a6be7deb64116dd1cc4b08171734d721e7a7e57ad64cc4ef29ed2f1", "4635a184d0bbe537aa185a34193898eee409332a8ccb27eea36f262566585000", "56e448f051a201c5ebbaa86a5efd0ca90d327204d8b059ab25ad0f35fbfd79f1", "5a13ea7911ff5e1796b6d5e4fbbf6952381a611209b736d48e675c2756f3f74e", "69bf008a06b76619d3c3f3b1983f5145c75a305a0fea513aca094cae5c40a8f5", "6bc583dc18d5979dc0f6cec26a8603129de0304d5ae1f17e57a12834e7235062", "701cd6093d63e6b8ad7009d8a92425428bc4d6e7ab8d75efbb665c806c1d79ba", "7608a3dd5d73cb06c531b8925e0ef8d3de31fed2544a7de6c63960a1e73ea4bc", "76ecd006d1d8f739430ec50cc872889af1f9c1b6b8f48e29941814b09b0fd3cc", "7aa36d2b844a3e4a4b356708d79fd2c260281a7390d678a10b91ca595ddc9e99", "7d3f553904b0c5c016d1dad058a7554c7ac4c91a789fca496e7d8347ad040653", "7e1fe19bd6dce69d9fd159d8e4a80a8f52101380d5d3a4d374b6d3eae0e5de9c", "8c3cb8c35ec4d9506979b4cf90ee9918bc2e49f84189d9bf5c36c0c1119c6558", "9d6dd10d49e01571bf6e147d3b505141ffc093a06756c60b053a859cb2128b1f", "9e112fcbe0148a6fa4f0a02e8d58e94470fc6cb82a5481618fea901699bf34c4", "ac4fef68da01116a5c117eba4dd46f2e06847a497de5ed1d64bb99a5fda1ef91", "b8815995e050764c8610dbc82641807d196927c3dbed207f0a079833ffcf588d", "be6cfcd8053d13f5f5eeb284aa8a814220c3da1b0078fa859011c7fffd86dab9", "c1bb572fab8208c400adaf06a8133ac0712179a334c09224fb11393e920abcdd", "de4418dadaa1c01d497e539210cb6baa015965526ff5afc078c57ca69160108d", "e05cb4d9aad6233d67e0541caa7e511fa4047ed7750ec2510d466e806e0255d6", "e4d96c07229f58cb686120f168276e434660e4358cc9cf3b0464210b04913e77", "f3f501f345f24383c0000395b26b726e46758b71393267aeae0bd36f8b3ade80", "f8a923a85cb099422ad5a2e345fe877bbc89a8a8b23235824a93488150e45f6e"]
cursor = ["8ee9fe5b925e1001f6ae6c017e93682583d2b4d1ef7130a26cfcdf1651c0032c"]
enum34 = ["2d81cbbe0e73112bdfe6ef8576f2238f2ba27dd0d55752a776c41d38b7da2850", "644837f692e5f550741432dd3f223bbb9852018674981b1664e5dc339387588a", "6bd0f6ad48ec2aa117d3d141940d484deccda84d4fcd884f5c3d93c23ecd8c79", "8ad8c4783bf61ded74527bffb48ed9b54166685e4230386a9ed9b1279e2df5b1"]
foliant = ["83e8789f1151ae7c429718e6b8dc75d8ee8ab05fa8081012e5110070657506a2", "bba868349643a33d03dfffff91a38be23dcda83d7129bcf00e6e81a44c3af5e6"]
"foliantcontrib.blockdiag" = ["087b23b8dd936c068006eac0a25ffb7a74a03bef4927749fd88696f56f75b193", "131fdfdeafbd109bac30582cf10e4b6ba87d03c3afc455f31edaec242439ef4d"]
"foliantcontrib.includes" = ["5526faab77de81bc866ec0cd0f4ce67ca96e087d6dabd75559d935b4cbad9131", "7d6a30a858f8c7f089007e5237ae5749c308d02c81eb177f58263b4c6b191b39"]
"foliantcontrib.mkdocs" = ["57f6df3f74b915b7caf00d1d946da0cf7b5c23435e981b8a76cb25aea6c837a6", "84a05cfd0a5118889a4b36f4926e345209a13baf4562d1b65e9599dbdd64a819"]
funcparserlib = ["b7992eac1a3eb97b3d91faa342bfda0729e990bd8a43774c1592c091e563c91d"]
halo = ["2fe6831f09d28a7f2bf254c5c77b5ea308a1891a64d9f7e7aa07f5af18c47188"]
idna = ["2c6a5de3089009e3da7c5dde64a141dbc8551d5b7f6cf4ed7c2568d0cc520a8f", "8c7309c718f94b3a625cb648ace320157ad16ff131ae0af362c9f21b80ef6ec4"]
isort = ["1153601da39a25b14ddc54955dbbacbb6b2d19135386699e2ad58517953b34af", "b9c40e9750f3d77e6e4d441d8b0266cf555e7cdabdcff33c4fd06366ca761ef8", "ec9ef8f4a9bc6f71eec99e1806bfa2de401650d996c59330782b89a5555c1497"]
jinja2 = ["74c935a1b8bb9a3947c50a54766a969d4846290e1e788ea44c1392163723c3bd", "f84be1bb0040caca4cea721fcbbbbd61f9be9464ca236387158b0feea01914a4"]
lazy-object-proxy = ["0ce34342b419bd8f018e6666bfef729aec3edf62345a53b537a4dcc115746a33", "1b668120716eb7ee21d8a38815e5eb3bb8211117d9a90b0f8e21722c0758cc39", "209615b0fe4624d79e50220ce3310ca1a9445fd8e6d3572a896e7f9146bbf019", "27bf62cb2b1a2068d443ff7097ee33393f8483b570b475db8ebf7e1cba64f088", "27ea6fd1c02dcc78172a82fc37fcc0992a94e4cecf53cb6d73f11749825bd98b", "2c1b21b44ac9beb0fc848d3993924147ba45c4ebc24be19825e57aabbe74a99e", "2df72ab12046a3496a92476020a1a0abf78b2a7db9ff4dc2036b8dd980203ae6", "320ffd3de9699d3892048baee45ebfbbf9388a7d65d832d7e580243ade426d2b", "50e3b9a464d5d08cc5227413db0d1c4707b6172e4d4d915c1c70e4de0bbff1f5", "5276db7ff62bb7b52f77f1f51ed58850e315154249aceb42e7f4c611f0f847ff", "61a6cf00dcb1a7f0c773ed4acc509cb636af2d6337a08f362413c76b2b47a8dd", "6ae6c4cb59f199d8827c5a07546b2ab7e85d262acaccaacd49b62f53f7c456f7", "7661d401d60d8bf15bb5da39e4dd72f5d764c5aff5a86ef52a042506e3e970ff", "7bd527f36a605c914efca5d3d014170b2cb184723e423d26b1fb2fd9108e264d", "7cb54db3535c8686ea12e9535eb087d32421184eacc6939ef15ef50f83a5e7e2", "7f3a2d740291f7f2c111d86a1c4851b70fb000a6c8883a59660d95ad57b9df35", "81304b7d8e9c824d058087dcb89144842c8e0dea6d281c031f59f0acf66963d4", "933947e8b4fbe617a51528b09851685138b49d511af0b6c0da2539115d6d4514", "94223d7f060301b3a8c09c9b3bc3294b56b2188e7d8179c762a1cda72c979252", "ab3ca49afcb47058393b0122428358d2fbe0408cf99f1b58b295cfeb4ed39109", "bd6292f565ca46dee4e737ebcc20742e3b5be2b01556dafe169f6c65d088875f", "cb924aa3e4a3fb644d0c463cad5bc2572649a6a3f68a7f8e4fbe44aaa6d77e4c", "d0fc7a286feac9077ec52a927fc9fe8fe2fabab95426722be4c953c9a8bede92", "ddc34786490a6e4ec0a855d401034cbd1242ef186c20d79d2166d6a4bd449577", "e34b155e36fa9da7e1b7c738ed7767fc9491a62ec6af70fe9da4a057759edc2d", "e5b9e8f6bda48460b7b143c3821b21b452cb3a835e6bbd5dd33aa0c8d3f5137d", "e81ebf6c5ee9684be8f2c87563880f93eedd56dd2b6146d8a725b50b7e5adb0f", "eb91be369f945f10d3a49f5f9be8b3d0b93a4c2be8f8a5b83b0571b8123e0a7a", "f460d1ceb0e4a5dcb2a652db0904224f367c9b3c1470d5a7683c0480e582468b"]
livereload = ["583179dc8d49b040a9da79bd33de59e160d2a8802b939e304eb359a4419f6498", "dd4469a8f5a6833576e9f5433f1439c306de15dbbfeceabd32479b1123380fa5"]
log-symbols = ["87be2f283cd6f455d89b76abcf2805fad5692ec9dcd8a31d10a4c975f51392eb"]
markdown = ["9ba587db9daee7ec761cfc656272be6aabe2ed300fece21208e4aab2e457bc8f", "a856869c7ff079ad84a3e19cd87a64998350c2b94e9e08e44270faef33400f81"]
markupsafe = ["a6be69091dac236ea9c6bc7d012beab42010fa914c459791d627dad4910eb665"]
mccabe = ["ab8a6258860da4b6677da4bd2fe5dc2c659cff31b3ee4f7f5d64e79735b80d42", "dd8d182285a0fe56bace7f45b5e7d1a6ebcbf524e8f3bd87eb0f125271b8831f"]
mkdocs = ["126e9b871adeb077facccc375066fddae1485c7deebe3f10f2052b9a15514fb9", "5f4317fd593ea07798bdb083bc06ca4e6b1e745fd1240d459f03cd0af1d58692"]
mkdocs-material = ["55b9febf0c8e88f016bf8975e36e8af634a79ead0df6314f6ee44c98f4d7dabb", "7e1ae836b658cb02742e1890db15fc493af14f6ef9e2899ddbe6355a1656752c"]
more-itertools = ["2b6b9893337bfd9166bee6a62c2b0c9fe7735dcf85948b387ec8cba30e85d8e8", "6703844a52d3588f951883005efcf555e49566a48afd4db4e965d69b883980d3", "a18d870ef2ffca2b8463c0070ad17b5978056f403fb64e3f15fe62a52db21cc0"]
nwdiag = ["002565875559789a2dfc5f578c07abdf44269c3f7cdf78d4809bdc4bdc2213fa", "dc001375fb0fd3ad14aada34d3b563ca52a03c31f58d6eac0b651a5fe1da0748"]
pillow = ["00633bc2ec40313f4daf351855e506d296ec3c553f21b66720d0f1225ca84c6f", "03514478db61b034fc5d38b9bf060f994e5916776e93f02e59732a8270069c61", "040144ba422216aecf7577484865ade90e1a475f867301c48bf9fbd7579efd76", "16246261ff22368e5e32ad74d5ef40403ab6895171a7fc6d34f6c17cfc0f1943", "1cb38df69362af35c14d4a50123b63c7ff18ec9a6d4d5da629a6f19d05e16ba8", "2400e122f7b21d9801798207e424cbe1f716cee7314cd0c8963fdb6fc564b5fb", "2ee6364b270b56a49e8b8a51488e847ab130adc1220c171bed6818c0d4742455", "3b4560c3891b05022c464b09121bd507c477505a4e19d703e1027a3a7c68d896", "41374a6afb3f44794410dab54a0d7175e6209a5a02d407119c81083f1a4c1841", "438a3faf5f702c8d0f80b9f9f9b8382cfa048ca6a0d64ef71b86b563b0ee0359", "472a124c640bde4d5468f6991c9fa7e30b723d84ac4195a77c6ab6aea30f2b9c", "4d32c8e3623a61d6e29ccd024066cd1ba556555abfb4cd714155020e00107e3f", "4d8077fd649ac40a5c4165f2c22fa2a4ad18c668e271ecb2f9d849d1017a9313", "62ec7ae98357fcd46002c110bb7cad15fce532776f0cbe7ca1d44c49b837d49d", "6c7cab6a05351cf61e469937c49dbf3cdf5ffb3eeac71f8d22dc9be3507598d8", "6eca36905444c4b91fe61f1b9933a47a30480738a1dd26501ff67d94fc2bc112", "74e2ebfd19c16c28ad43b8a28ff73b904ed382ea4875188838541751986e8c9a", "7673e7473a13107059377c96c563aa36f73184c29d2926882e0a0210b779a1e7", "81762cf5fca9a82b53b7b2d0e6b420e0f3b06167b97678c81d00470daa622d58", "8554bbeb4218d9cfb1917c69e6f2d2ad0be9b18a775d2162547edf992e1f5f1f", "9b66e968da9c4393f5795285528bc862c7b97b91251f31a08004a3c626d18114", "a00edb2dec0035e98ac3ec768086f0b06dfabb4ad308592ede364ef573692f55", "b48401752496757e95304a46213c3155bc911ac884bed2e9b275ce1c1df3e293", "b6cf18f9e653a8077522bb3aa753a776b117e3e0cc872c25811cfdf1459491c2", "bb8adab1877e9213385cbb1adc297ed8337e01872c42a30cfaa66ff8c422779c", "c8a4b39ba380b57a31a4b5449a9d257b1302d8bc4799767e645dcee25725efe1", "cee9bc75bff455d317b6947081df0824a8f118de2786dc3d74a3503fd631f4ef", "d0dc1313dff48af64517cbbd85e046d6b477fbe5e9d69712801f024dcb08c62b", "d5bf527ed83617edd1855a5c923eeeaf68bcb9ac0ceb28e3f19b575b3a424984", "df5863a21f91de5ecdf7d32a32f406dd9867ebb35d41033b8bd9607a21887599", "e39142332541ed2884c257495504858b22c078a5d781059b07aba4c3a80d7551", "e52e8f675ba0b2b417fa98579e7286a41a8e23871f17f4793772f5aa884fea79", "e6dd55d5d94b9e36929325dd0c9ab85bfde84a5fc35947c334c32af1af668944", "e87cc1acbebf263f308a8494272c2d42016aa33c32bf14d209c81e1f65e11868", "ea0091cd4100519cedfeea2c659f52291f535ac6725e2368bcf59e874f270efa", "eeb247f4f4d962942b3b555530b0c63b77473c7bfe475e51c6b75b7344b49ce3", "f0d4433adce6075efd24fc0285135248b0b50f5a58129c7e552030e04fe45c7f", "f1f3bd92f8e12dc22884935a73c9f94c4d9bd0d34410c456540713d6b7832b8c", "f42a87cbf50e905f49f053c0b1fb86c911c730624022bf44c8857244fc4cdaca", "f5f302db65e2e0ae96e26670818157640d3ca83a3054c290eff3631598dcf819", "f7634d534662bbb08976db801ba27a112aee23e597eeaf09267b4575341e45bf", "fdd374c02e8bb2d6468a85be50ea66e1c4ef9e809974c30d8576728473a6ed03", "fe6931db24716a0845bd8c8915bd096b77c2a7043e6fc59ae9ca364fe816f08b"]
pluggy = ["7f8ae7f5bdf75671a718d2daf0a64b7885f74510bcd98b1a0bb420eb9a9d0cff", "d345c8fe681115900d6da8d048ba67c25df42973bda370783cd58826442dcd7c", "e160a7fcf25762bb60efc7e171d4497ff1d8d2d75a3d0df7a21b76821ecbf5c5"]
prompt-toolkit = ["33cd9b986f1732f720666d6b412f1cb071a92743c5a61cfc3f39dee39248241b", "3e87a08d1acd179d2ddf0e0670437da03b88df8c8033d0843ad03cf7e69f1322", "a9f562872fa339f012c29d1fd141b5ea7bebc948b2987d3c1b70f6ed47c8478e"]
py = ["29c9fab495d7528e80ba1e343b958684f4ace687327e6f789a94bf3d1915f881", "983f77f3331356039fdd792e9220b7b8ee1aa6bd2b25f567a963ff1de5a64f6a"]
pygments = ["78f3f434bcc5d6ee09020f92ba487f95ba50f1e3ef83ae96b9d5ffa1bab25c5d", "dbae1046def0efb574852fab9e90209b23f556367b5a320c0bcb871c77c3e8cc"]
pylint = ["a48070545c12430cfc4e865bf62f5ad367784765681b3db442d8230f0960aa3c", "fff220bcb996b4f7e2b0f6812fd81507b72ca4d8c4d05daf2655c333800cb9b3"]
pymdown-extensions = ["499dd1da42bcb0849f4b7ab5c60040268145973be95a70233de05284503a8f44", "ce65a4e876f507a9593f080634d33751bfc26375a7f15f94790d848b5ad7589e"]
pytest = ["26838b2bc58620e01675485491504c3aa7ee0faf335c37fcd5f8731ca4319591", "32c49a69566aa7c333188149ad48b58ac11a426d5352ea3d8f6ce843f88199cb"]
pytest-cov = ["03aa752cf11db41d281ea1d807d954c4eda35cfa1b21d6971966cc041bbf6e2d", "890fe5565400902b0c78b5357004aab1c814115894f4f21370e2433256a3eeec"]
pytest-datadir = ["3e5d1892c68d0dfb6863e87d6a1f683e67be60802fee798a3ccae5dbda1ab378", "68226fbb6780366950a9409bb705cd4d05b11bff07a4569d4cc589c69c259def"]
pyyaml = ["0c507b7f74b3d2dd4d1322ec8a94794927305ab4cebbe89cc47fe5e81541e6e8", "16b20e970597e051997d90dc2cddc713a2876c47e3d92d59ee198700c5427736", "3262c96a1ca437e7e4763e2843746588a965426550f3797a79fca9c6199c431f", "326420cbb492172dec84b0f65c80942de6cedb5233c413dd824483989c000608", "4474f8ea030b5127225b8894d626bb66c01cda098d47a2b0d3429b6700af9fd8", "592766c6303207a20efc445587778322d7f73b161bd994f227adaa341ba212ab", "5ac82e411044fb129bae5cfbeb3ba626acb2af31a8d17d175004b70862a741a7", "5f84523c076ad14ff5e6c037fe1c89a7f73a3e04cf0377cb4d017014976433f3", "827dc04b8fa7d07c44de11fabbc888e627fa8293b695e0f99cb544fdfa1bf0d1", "b4c423ab23291d3945ac61346feeb9a0dc4184999ede5e7c43e1ffb975130ae6", "bc6bced57f826ca7cb5125a10b23fd0f2fff3b7c4701d64c439a300ce665fff8", "c01b880ec30b5a6e6aa67b09a2fe3fb30473008c85cd6a67359a1b15ed6d83a4", "ca233c64c6e40eaa6c66ef97058cdc80e8d0157a443655baa1b2966e812807ca", "e863072cdf4c72eebf179342c94e6989c67185842d9997960b3e69290b2fa269"]
requests = ["6a1b267aa90cac58ac3a765d067950e7dbbf75b1da07e895d1f594193a40a38b", "9c443e7324ba5b85070c4a818ade28bfabedf16ea10206da1132edaa6dda237e"]
rope = ["a09edfd2034fd50099a67822f9bd851fbd0f4e98d3b87519f6267b60e50d80d1"]
seqdiag = ["3ed9eea3d51a2ad5e063ccec617c9433fc2dc60f20433c82b624884c09b4d621", "994402cb19fef77ee113d18810aa397a7290553cda5f900be2bb44e2c7742657"]
six = ["70e8a77beed4562e7f14fe23a786b54f6296e34344c23bc42f07b15018ff98e9", "832dc0e10feb1aa2c68dcc57dbb658f1c7e65b9b61af69048abc87a2db00a0eb"]
spinners = ["f38891d1e21bf188e1adbe832fbe7e8e365ae255ae71dd230b25fc83ea6c98e2"]
termcolor = ["1d6d69ce66211143803fbc56652b41d73b4a400a2891d7bf7a1cdf4c02de613b"]
tornado = ["5ef073ac6180038ccf99411fe05ae9aafb675952a2c8db60592d5daf8401f803", "6d14e47eab0e15799cf3cdcc86b0b98279da68522caace2bd7ce644287685f0a", "92b7ca81e18ba9ec3031a7ee73d4577ac21d41a0c9b775a9182f43301c3b5f8e", "ab587996fe6fb9ce65abfda440f9b61e4f9f2cf921967723540679176915e4c3", "b36298e9f63f18cad97378db2222c0e0ca6a55f6304e605515e05a25483ed51a"]
urllib3 = ["06330f386d6e4b195fbfc736b297f58c5a892e4440e54d294d7004e3a9bbea1b", "cc44da8e1145637334317feebd728bd869a35285b93cbb4cca2577da7e62db4f"]
wcwidth = ["3df37372226d6e63e1b1e1eda15c594bca98a22d33a23832a90998faa96bc65e", "f4ebe71925af7b40a864553f761ed559b43544f8f71746c2d756c7fe788ade7c"]
webcolors = ["030562f624467a9901f0b455fef05486a88cfb5daa1e356bd4aacea043850b59", "b3b88e5ef2b35fa9e01e3fabe99dddf49da074459c44774c59f3ccab3be4f121"]
wrapt = ["d4d560d479f2c21e1b5443bbd15fe7ec4b37fe7e53d335d3b9b0a7b1226fe3c6"]

